
Microsoft Visual Studio Solution File, Format Version 12.00
# Visual Studio 15
VisualStudioVersion = 15.0.28307.489
MinimumVisualStudioVersion = 10.0.40219.1
Project("{FAE04EC0-301F-11D3-BF4B-00C04F79EFBC}") = "TheLuup", "TheLuup\TheLuup.csproj", "{22AE476D-2085-43FA-BD6E-63E895C431B5}"
	ProjectSection(ProjectDependencies) = postProject
		{9792B52B-253A-401E-8AA2-4F1E33414563} = {9792B52B-253A-401E-8AA2-4F1E33414563}
	EndProjectSection
EndProject
Project("{FAE04EC0-301F-11D3-BF4B-00C04F79EFBC}") = "theluupwcf", "theluupwcf\theluupwcf.csproj", "{9792B52B-253A-401E-8AA2-4F1E33414563}"
EndProject
Global
	GlobalSection(SolutionConfigurationPlatforms) = preSolution
		Debug|Any CPU = Debug|Any CPU
		Release|Any CPU = Release|Any CPU
	EndGlobalSection
	GlobalSection(ProjectConfigurationPlatforms) = postSolution
		{22AE476D-2085-43FA-BD6E-63E895C431B5}.Debug|Any CPU.ActiveCfg = Debug|Any CPU
		{22AE476D-2085-43FA-BD6E-63E895C431B5}.Debug|Any CPU.Build.0 = Debug|Any CPU
		{22AE476D-2085-43FA-BD6E-63E895C431B5}.Release|Any CPU.ActiveCfg = Release|Any CPU
		{22AE476D-2085-43FA-BD6E-63E895C431B5}.Release|Any CPU.Build.0 = Release|Any CPU
		{9792B52B-253A-401E-8AA2-4F1E33414563}.Debug|Any CPU.ActiveCfg = Debug|Any CPU
		{9792B52B-253A-401E-8AA2-4F1E33414563}.Debug|Any CPU.Build.0 = Debug|Any CPU
		{9792B52B-253A-401E-8AA2-4F1E33414563}.Release|Any CPU.ActiveCfg = Release|Any CPU
		{9792B52B-253A-401E-8AA2-4F1E33414563}.Release|Any CPU.Build.0 = Release|Any CPU
	EndGlobalSection
	GlobalSection(SolutionProperties) = preSolution
		HideSolutionNode = FALSE
	EndGlobalSection
	GlobalSection(ExtensibilityGlobals) = postSolution
		SolutionGuid = {7C017108-8F01-4982-A33D-97562467E389}
	EndGlobalSection
EndGlobal
